
Microsoft Visual Studio Solution File, Format Version 12.00
# Visual Studio Version 17
VisualStudioVersion = 17.6.33815.320
MinimumVisualStudioVersion = 10.0.40219.1
Project("{8BC9CEB8-8B4A-11D0-8D11-00A0C91BC942}") = "Core", "Source\Engine\Core\Core.vcxproj", "{03C985AF-F720-499A-B57A-6F81D51C2715}"
EndProject
Project("{8BC9CEB8-8B4A-11D0-8D11-00A0C91BC942}") = "Framework", "Source\Engine\Framework\Framework.vcxproj", "{E4CAEF7B-17D8-46D3-AAF2-251FF98B0356}"
EndProject
Project("{8BC9CEB8-8B4A-11D0-8D11-00A0C91BC942}") = "Input", "Source\Engine\Input\Input.vcxproj", "{0C4F8763-7376-48FC-B5C5-EC51EF2CC827}"
EndProject
Project("{8BC9CEB8-8B4A-11D0-8D11-00A0C91BC942}") = "Renderer", "Source\Engine\Renderer\Renderer.vcxproj", "{AABEA92B-84F7-4190-8B04-97D2514E7588}"
EndProject
Project("{8BC9CEB8-8B4A-11D0-8D11-00A0C91BC942}") = "Game", "Source\Game\Game\Game.vcxproj", "{562FF55B-5FBF-4E5B-9C15-B8DD9CC8F06D}"
EndProject
Project("{8BC9CEB8-8B4A-11D0-8D11-00A0C91BC942}") = "Audio", "Source\Engine\Audio\Audio.vcxproj", "{D2F35EE9-08A1-4075-98FC-B568313F8AE8}"
EndProject
Project("{2150E333-8FDC-42A3-9474-1A3956D46DE8}") = "Engine", "Engine", "{65C2A18C-6BED-4B7D-86E3-E08EF3D1B9FA}"
EndProject
Project("{2150E333-8FDC-42A3-9474-1A3956D46DE8}") = "GAT150-Game", "GAT150-Game", "{ABDD7093-ECFE-4CB6-99D4-2E917B7844BB}"
EndProject
Global
	GlobalSection(SolutionConfigurationPlatforms) = preSolution
		Debug|x64 = Debug|x64
		Debug|x86 = Debug|x86
		Release|x64 = Release|x64
		Release|x86 = Release|x86
	EndGlobalSection
	GlobalSection(ProjectConfigurationPlatforms) = postSolution
		{03C985AF-F720-499A-B57A-6F81D51C2715}.Debug|x64.ActiveCfg = Debug|x64
		{03C985AF-F720-499A-B57A-6F81D51C2715}.Debug|x64.Build.0 = Debug|x64
		{03C985AF-F720-499A-B57A-6F81D51C2715}.Debug|x86.ActiveCfg = Debug|Win32
		{03C985AF-F720-499A-B57A-6F81D51C2715}.Debug|x86.Build.0 = Debug|Win32
		{03C985AF-F720-499A-B57A-6F81D51C2715}.Release|x64.ActiveCfg = Release|x64
		{03C985AF-F720-499A-B57A-6F81D51C2715}.Release|x64.Build.0 = Release|x64
		{03C985AF-F720-499A-B57A-6F81D51C2715}.Release|x86.ActiveCfg = Release|Win32
		{03C985AF-F720-499A-B57A-6F81D51C2715}.Release|x86.Build.0 = Release|Win32
		{E4CAEF7B-17D8-46D3-AAF2-251FF98B0356}.Debug|x64.ActiveCfg = Debug|x64
		{E4CAEF7B-17D8-46D3-AAF2-251FF98B0356}.Debug|x64.Build.0 = Debug|x64
		{E4CAEF7B-17D8-46D3-AAF2-251FF98B0356}.Debug|x86.ActiveCfg = Debug|Win32
		{E4CAEF7B-17D8-46D3-AAF2-251FF98B0356}.Debug|x86.Build.0 = Debug|Win32
		{E4CAEF7B-17D8-46D3-AAF2-251FF98B0356}.Release|x64.ActiveCfg = Release|x64
		{E4CAEF7B-17D8-46D3-AAF2-251FF98B0356}.Release|x64.Build.0 = Release|x64
		{E4CAEF7B-17D8-46D3-AAF2-251FF98B0356}.Release|x86.ActiveCfg = Release|Win32
		{E4CAEF7B-17D8-46D3-AAF2-251FF98B0356}.Release|x86.Build.0 = Release|Win32
		{0C4F8763-7376-48FC-B5C5-EC51EF2CC827}.Debug|x64.ActiveCfg = Debug|x64
		{0C4F8763-7376-48FC-B5C5-EC51EF2CC827}.Debug|x64.Build.0 = Debug|x64
		{0C4F8763-7376-48FC-B5C5-EC51EF2CC827}.Debug|x86.ActiveCfg = Debug|Win32
		{0C4F8763-7376-48FC-B5C5-EC51EF2CC827}.Debug|x86.Build.0 = Debug|Win32
		{0C4F8763-7376-48FC-B5C5-EC51EF2CC827}.Release|x64.ActiveCfg = Release|x64
		{0C4F8763-7376-48FC-B5C5-EC51EF2CC827}.Release|x64.Build.0 = Release|x64
		{0C4F8763-7376-48FC-B5C5-EC51EF2CC827}.Release|x86.ActiveCfg = Release|Win32
		{0C4F8763-7376-48FC-B5C5-EC51EF2CC827}.Release|x86.Build.0 = Release|Win32
		{AABEA92B-84F7-4190-8B04-97D2514E7588}.Debug|x64.ActiveCfg = Debug|x64
		{AABEA92B-84F7-4190-8B04-97D2514E7588}.Debug|x64.Build.0 = Debug|x64
		{AABEA92B-84F7-4190-8B04-97D2514E7588}.Debug|x86.ActiveCfg = Debug|Win32
		{AABEA92B-84F7-4190-8B04-97D2514E7588}.Debug|x86.Build.0 = Debug|Win32
		{AABEA92B-84F7-4190-8B04-97D2514E7588}.Release|x64.ActiveCfg = Release|x64
		{AABEA92B-84F7-4190-8B04-97D2514E7588}.Release|x64.Build.0 = Release|x64
		{AABEA92B-84F7-4190-8B04-97D2514E7588}.Release|x86.ActiveCfg = Release|Win32
		{AABEA92B-84F7-4190-8B04-97D2514E7588}.Release|x86.Build.0 = Release|Win32
		{562FF55B-5FBF-4E5B-9C15-B8DD9CC8F06D}.Debug|x64.ActiveCfg = Debug|x64
		{562FF55B-5FBF-4E5B-9C15-B8DD9CC8F06D}.Debug|x64.Build.0 = Debug|x64
		{562FF55B-5FBF-4E5B-9C15-B8DD9CC8F06D}.Debug|x86.ActiveCfg = Debug|Win32
		{562FF55B-5FBF-4E5B-9C15-B8DD9CC8F06D}.Debug|x86.Build.0 = Debug|Win32
		{562FF55B-5FBF-4E5B-9C15-B8DD9CC8F06D}.Release|x64.ActiveCfg = Release|x64
		{562FF55B-5FBF-4E5B-9C15-B8DD9CC8F06D}.Release|x64.Build.0 = Release|x64
		{562FF55B-5FBF-4E5B-9C15-B8DD9CC8F06D}.Release|x86.ActiveCfg = Release|Win32
		{562FF55B-5FBF-4E5B-9C15-B8DD9CC8F06D}.Release|x86.Build.0 = Release|Win32
		{D2F35EE9-08A1-4075-98FC-B568313F8AE8}.Debug|x64.ActiveCfg = Debug|x64
		{D2F35EE9-08A1-4075-98FC-B568313F8AE8}.Debug|x64.Build.0 = Debug|x64
		{D2F35EE9-08A1-4075-98FC-B568313F8AE8}.Debug|x86.ActiveCfg = Debug|Win32
		{D2F35EE9-08A1-4075-98FC-B568313F8AE8}.Debug|x86.Build.0 = Debug|Win32
		{D2F35EE9-08A1-4075-98FC-B568313F8AE8}.Release|x64.ActiveCfg = Release|x64
		{D2F35EE9-08A1-4075-98FC-B568313F8AE8}.Release|x64.Build.0 = Release|x64
		{D2F35EE9-08A1-4075-98FC-B568313F8AE8}.Release|x86.ActiveCfg = Release|Win32
		{D2F35EE9-08A1-4075-98FC-B568313F8AE8}.Release|x86.Build.0 = Release|Win32
	EndGlobalSection
	GlobalSection(SolutionProperties) = preSolution
		HideSolutionNode = FALSE
	EndGlobalSection
	GlobalSection(NestedProjects) = preSolution
		{03C985AF-F720-499A-B57A-6F81D51C2715} = {65C2A18C-6BED-4B7D-86E3-E08EF3D1B9FA}
		{E4CAEF7B-17D8-46D3-AAF2-251FF98B0356} = {65C2A18C-6BED-4B7D-86E3-E08EF3D1B9FA}
		{0C4F8763-7376-48FC-B5C5-EC51EF2CC827} = {65C2A18C-6BED-4B7D-86E3-E08EF3D1B9FA}
		{AABEA92B-84F7-4190-8B04-97D2514E7588} = {65C2A18C-6BED-4B7D-86E3-E08EF3D1B9FA}
		{562FF55B-5FBF-4E5B-9C15-B8DD9CC8F06D} = {ABDD7093-ECFE-4CB6-99D4-2E917B7844BB}
		{D2F35EE9-08A1-4075-98FC-B568313F8AE8} = {65C2A18C-6BED-4B7D-86E3-E08EF3D1B9FA}
	EndGlobalSection
	GlobalSection(ExtensibilityGlobals) = postSolution
		SolutionGuid = {231E2702-21EE-4F7A-BCD7-65A8A2E64A4C}
	EndGlobalSection
EndGlobal
